
Microsoft Visual Studio Solution File, Format Version 12.00
Project("{FAE04EC0-301F-11D3-BF4B-00C04F79EFBC}") = "EmployeeConsultApp", "EmployeeConsultApp\EmployeeConsultApp.csproj", "{FC0C67F8-63E6-48DB-B5D7-154363D2452A}"
EndProject
Project("{FAE04EC0-301F-11D3-BF4B-00C04F79EFBC}") = "EmployeeConsultAppTests", "EmployeeConsultAppTests\EmployeeConsultAppTests.csproj", "{795F0D8E-52E1-4770-B8DB-F08D07C78D76}"
EndProject
Project("{FAE04EC0-301F-11D3-BF4B-00C04F79EFBC}") = "EmployeeConsultApp.Core", "EmployeeConsultApp.Core\EmployeeConsultApp.Core.csproj", "{5FCAF86E-8156-4CA6-AA5C-0DA6D75C63F5}"
EndProject
Project("{FAE04EC0-301F-11D3-BF4B-00C04F79EFBC}") = "EmployeeConsultApp.Repository", "EmployeeConsultApp.Repository\EmployeeConsultApp.Repository.csproj", "{E87AA289-DAE6-4337-9C4D-4FD246046BB3}"
EndProject
Global
	GlobalSection(SolutionConfigurationPlatforms) = preSolution
		Debug|Any CPU = Debug|Any CPU
		Release|Any CPU = Release|Any CPU
	EndGlobalSection
	GlobalSection(ProjectConfigurationPlatforms) = postSolution
		{FC0C67F8-63E6-48DB-B5D7-154363D2452A}.Debug|Any CPU.ActiveCfg = Debug|Any CPU
		{FC0C67F8-63E6-48DB-B5D7-154363D2452A}.Debug|Any CPU.Build.0 = Debug|Any CPU
		{FC0C67F8-63E6-48DB-B5D7-154363D2452A}.Release|Any CPU.ActiveCfg = Release|Any CPU
		{FC0C67F8-63E6-48DB-B5D7-154363D2452A}.Release|Any CPU.Build.0 = Release|Any CPU
		{795F0D8E-52E1-4770-B8DB-F08D07C78D76}.Debug|Any CPU.ActiveCfg = Debug|Any CPU
		{795F0D8E-52E1-4770-B8DB-F08D07C78D76}.Debug|Any CPU.Build.0 = Debug|Any CPU
		{795F0D8E-52E1-4770-B8DB-F08D07C78D76}.Release|Any CPU.ActiveCfg = Release|Any CPU
		{795F0D8E-52E1-4770-B8DB-F08D07C78D76}.Release|Any CPU.Build.0 = Release|Any CPU
		{5FCAF86E-8156-4CA6-AA5C-0DA6D75C63F5}.Debug|Any CPU.ActiveCfg = Debug|Any CPU
		{5FCAF86E-8156-4CA6-AA5C-0DA6D75C63F5}.Debug|Any CPU.Build.0 = Debug|Any CPU
		{5FCAF86E-8156-4CA6-AA5C-0DA6D75C63F5}.Release|Any CPU.ActiveCfg = Release|Any CPU
		{5FCAF86E-8156-4CA6-AA5C-0DA6D75C63F5}.Release|Any CPU.Build.0 = Release|Any CPU
		{E87AA289-DAE6-4337-9C4D-4FD246046BB3}.Debug|Any CPU.ActiveCfg = Debug|Any CPU
		{E87AA289-DAE6-4337-9C4D-4FD246046BB3}.Debug|Any CPU.Build.0 = Debug|Any CPU
		{E87AA289-DAE6-4337-9C4D-4FD246046BB3}.Release|Any CPU.ActiveCfg = Release|Any CPU
		{E87AA289-DAE6-4337-9C4D-4FD246046BB3}.Release|Any CPU.Build.0 = Release|Any CPU
	EndGlobalSection
EndGlobal
